# THIS IS AN AUTOGENERATED FILE. DO NOT EDIT THIS FILE DIRECTLY.
# yarn lockfile v1


nan@2.6.2:
  version "2.6.2"
  resolved "https://registry.yarnpkg.com/nan/-/nan-2.6.2.tgz#e4ff34e6c95fdfb5aecc08de6596f43605a7db45"

openzwave-shared@^1.4.0:
  version "1.4.0"
  resolved "https://registry.yarnpkg.com/openzwave-shared/-/openzwave-shared-1.4.0.tgz#3c26cb9f192b813e0ebeeb1a931c9f3b7e03a169"
  dependencies:
    nan "2.6.2"
